
Microsoft Visual Studio Solution File, Format Version 12.00
# Visual Studio Version 16
VisualStudioVersion = 16.0.30517.126
MinimumVisualStudioVersion = 10.0.40219.1
Project("{9A19103F-16F7-4668-BE54-9A1E7A4F7556}") = "DataAccess", "DataAccess\DataAccess.csproj", "{23B0B219-BDF8-4C69-886D-88BC0725F155}"
EndProject
Project("{9A19103F-16F7-4668-BE54-9A1E7A4F7556}") = "Business", "Business\Business.csproj", "{EA22AB33-BEF9-4DB0-9163-F51961E24010}"
EndProject
Project("{9A19103F-16F7-4668-BE54-9A1E7A4F7556}") = "Entities", "Entities\Entities.csproj", "{1D681624-B102-4B85-A95A-1601102631DA}"
EndProject
Project("{9A19103F-16F7-4668-BE54-9A1E7A4F7556}") = "ConsoleUI", "ConsoleUI\ConsoleUI.csproj", "{3ADB1EA3-A832-47B0-80CC-6CEC05805446}"
EndProject
Project("{9A19103F-16F7-4668-BE54-9A1E7A4F7556}") = "Core", "Core\Core.csproj", "{AA1D58F7-9EFE-4FAE-BE6D-62EF2F6A5B53}"
EndProject
Project("{FAE04EC0-301F-11D3-BF4B-00C04F79EFBC}") = "WebAPI", "WebAPI\WebAPI.csproj", "{84BEAB41-F868-4297-8BFB-4DD0F0EB4010}"
EndProject
Global
	GlobalSection(SolutionConfigurationPlatforms) = preSolution
		Debug|Any CPU = Debug|Any CPU
		Release|Any CPU = Release|Any CPU
	EndGlobalSection
	GlobalSection(ProjectConfigurationPlatforms) = postSolution
		{23B0B219-BDF8-4C69-886D-88BC0725F155}.Debug|Any CPU.ActiveCfg = Debug|Any CPU
		{23B0B219-BDF8-4C69-886D-88BC0725F155}.Debug|Any CPU.Build.0 = Debug|Any CPU
		{23B0B219-BDF8-4C69-886D-88BC0725F155}.Release|Any CPU.ActiveCfg = Release|Any CPU
		{23B0B219-BDF8-4C69-886D-88BC0725F155}.Release|Any CPU.Build.0 = Release|Any CPU
		{EA22AB33-BEF9-4DB0-9163-F51961E24010}.Debug|Any CPU.ActiveCfg = Debug|Any CPU
		{EA22AB33-BEF9-4DB0-9163-F51961E24010}.Debug|Any CPU.Build.0 = Debug|Any CPU
		{EA22AB33-BEF9-4DB0-9163-F51961E24010}.Release|Any CPU.ActiveCfg = Release|Any CPU
		{EA22AB33-BEF9-4DB0-9163-F51961E24010}.Release|Any CPU.Build.0 = Release|Any CPU
		{1D681624-B102-4B85-A95A-1601102631DA}.Debug|Any CPU.ActiveCfg = Debug|Any CPU
		{1D681624-B102-4B85-A95A-1601102631DA}.Debug|Any CPU.Build.0 = Debug|Any CPU
		{1D681624-B102-4B85-A95A-1601102631DA}.Release|Any CPU.ActiveCfg = Release|Any CPU
		{1D681624-B102-4B85-A95A-1601102631DA}.Release|Any CPU.Build.0 = Release|Any CPU
		{3ADB1EA3-A832-47B0-80CC-6CEC05805446}.Debug|Any CPU.ActiveCfg = Debug|Any CPU
		{3ADB1EA3-A832-47B0-80CC-6CEC05805446}.Debug|Any CPU.Build.0 = Debug|Any CPU
		{3ADB1EA3-A832-47B0-80CC-6CEC05805446}.Release|Any CPU.ActiveCfg = Release|Any CPU
		{3ADB1EA3-A832-47B0-80CC-6CEC05805446}.Release|Any CPU.Build.0 = Release|Any CPU
		{AA1D58F7-9EFE-4FAE-BE6D-62EF2F6A5B53}.Debug|Any CPU.ActiveCfg = Debug|Any CPU
		{AA1D58F7-9EFE-4FAE-BE6D-62EF2F6A5B53}.Debug|Any CPU.Build.0 = Debug|Any CPU
		{AA1D58F7-9EFE-4FAE-BE6D-62EF2F6A5B53}.Release|Any CPU.ActiveCfg = Release|Any CPU
		{AA1D58F7-9EFE-4FAE-BE6D-62EF2F6A5B53}.Release|Any CPU.Build.0 = Release|Any CPU
		{84BEAB41-F868-4297-8BFB-4DD0F0EB4010}.Debug|Any CPU.ActiveCfg = Debug|Any CPU
		{84BEAB41-F868-4297-8BFB-4DD0F0EB4010}.Debug|Any CPU.Build.0 = Debug|Any CPU
		{84BEAB41-F868-4297-8BFB-4DD0F0EB4010}.Release|Any CPU.ActiveCfg = Release|Any CPU
		{84BEAB41-F868-4297-8BFB-4DD0F0EB4010}.Release|Any CPU.Build.0 = Release|Any CPU
	EndGlobalSection
	GlobalSection(SolutionProperties) = preSolution
		HideSolutionNode = FALSE
	EndGlobalSection
	GlobalSection(ExtensibilityGlobals) = postSolution
		SolutionGuid = {6831E3B0-A041-4172-961E-74AF0225765E}
	EndGlobalSection
EndGlobal
